// !$*UTF8*$!
{
	archiveVersion = 1;
	classes = {
	};
	objectVersion = 48;
	objects = {

/* Begin PBXBuildFile section */
		D6A09F61226638C60008D0D9 /* DearlyBeloved.mp3 in Resources */ = {isa = PBXBuildFile; fileRef = D6A09F60226638C60008D0D9 /* DearlyBeloved.mp3 */; };
		D6F2B5F02264EC3500E15C08 /* AppDelegate.swift in Sources */ = {isa = PBXBuildFile; fileRef = D6F2B5EF2264EC3500E15C08 /* AppDelegate.swift */; };
		D6F2B5F22264EC3500E15C08 /* ViewController.swift in Sources */ = {isa = PBXBuildFile; fileRef = D6F2B5F12264EC3500E15C08 /* ViewController.swift */; };
		D6F2B5F52264EC3500E15C08 /* Main.storyboard in Resources */ = {isa = PBXBuildFile; fileRef = D6F2B5F32264EC3500E15C08 /* Main.storyboard */; };
		D6F2B5F72264EC3500E15C08 /* Assets.xcassets in Resources */ = {isa = PBXBuildFile; fileRef = D6F2B5F62264EC3500E15C08 /* Assets.xcassets */; };
		D6F2B5FA2264EC3500E15C08 /* LaunchScreen.storyboard in Resources */ = {isa = PBXBuildFile; fileRef = D6F2B5F82264EC3500E15C08 /* LaunchScreen.storyboard */; };
		D6F2B6052264EC3500E15C08 /* MoyitaTests.swift in Sources */ = {isa = PBXBuildFile; fileRef = D6F2B6042264EC3500E15C08 /* MoyitaTests.swift */; };
		D6F2B6102264EC3500E15C08 /* MoyitaUITests.swift in Sources */ = {isa = PBXBuildFile; fileRef = D6F2B60F2264EC3500E15C08 /* MoyitaUITests.swift */; };
/* End PBXBuildFile section */

/* Begin PBXContainerItemProxy section */
		D6F2B6012264EC3500E15C08 /* PBXContainerItemProxy */ = {
			isa = PBXContainerItemProxy;
			containerPortal = D6F2B5E42264EC3500E15C08 /* Project object */;
			proxyType = 1;
			remoteGlobalIDString = D6F2B5EB2264EC3500E15C08;
			remoteInfo = Moyita;
		};
		D6F2B60C2264EC3500E15C08 /* PBXContainerItemProxy */ = {
			isa = PBXContainerItemProxy;
			containerPortal = D6F2B5E42264EC3500E15C08 /* Project object */;
			proxyType = 1;
			remoteGlobalIDString = D6F2B5EB2264EC3500E15C08;
			remoteInfo = Moyita;
		};
/* End PBXContainerItemProxy section */

/* Begin PBXFileReference section */
		D6A09F60226638C60008D0D9 /* DearlyBeloved.mp3 */ = {isa = PBXFileReference; lastKnownFileType = audio.mp3; path = DearlyBeloved.mp3; sourceTree = "<group>"; };
		D6F2B5EC2264EC3500E15C08 /* Moyita.app */ = {isa = PBXFileReference; explicitFileType = wrapper.application; includeInIndex = 0; path = Moyita.app; sourceTree = BUILT_PRODUCTS_DIR; };
		D6F2B5EF2264EC3500E15C08 /* AppDelegate.swift */ = {isa = PBXFileReference; lastKnownFileType = sourcecode.swift; path = AppDelegate.swift; sourceTree = "<group>"; };
		D6F2B5F12264EC3500E15C08 /* ViewController.swift */ = {isa = PBXFileReference; lastKnownFileType = sourcecode.swift; path = ViewController.swift; sourceTree = "<group>"; };
		D6F2B5F42264EC3500E15C08 /* Base */ = {isa = PBXFileReference; lastKnownFileType = file.storyboard; name = Base; path = Base.lproj/Main.storyboard; sourceTree = "<group>"; };
		D6F2B5F62264EC3500E15C08 /* Assets.xcassets */ = {isa = PBXFileReference; lastKnownFileType = folder.assetcatalog; path = Assets.xcassets; sourceTree = "<group>"; };
		D6F2B5F92264EC3500E15C08 /* Base */ = {isa = PBXFileReference; lastKnownFileType = file.storyboard; name = Base; path = Base.lproj/LaunchScreen.storyboard; sourceTree = "<group>"; };
		D6F2B5FB2264EC3500E15C08 /* Info.plist */ = {isa = PBXFileReference; lastKnownFileType = text.plist.xml; path = Info.plist; sourceTree = "<group>"; };
		D6F2B6002264EC3500E15C08 /* MoyitaTests.xctest */ = {isa = PBXFileReference; explicitFileType = wrapper.cfbundle; includeInIndex = 0; path = MoyitaTests.xctest; sourceTree = BUILT_PRODUCTS_DIR; };
		D6F2B6042264EC3500E15C08 /* MoyitaTests.swift */ = {isa = PBXFileReference; lastKnownFileType = sourcecode.swift; path = MoyitaTests.swift; sourceTree = "<group>"; };
		D6F2B6062264EC3500E15C08 /* Info.plist */ = {isa = PBXFileReference; lastKnownFileType = text.plist.xml; path = Info.plist; sourceTree = "<group>"; };
		D6F2B60B2264EC3500E15C08 /* MoyitaUITests.xctest */ = {isa = PBXFileReference; explicitFileType = wrapper.cfbundle; includeInIndex = 0; path = MoyitaUITests.xctest; sourceTree = BUILT_PRODUCTS_DIR; };
		D6F2B60F2264EC3500E15C08 /* MoyitaUITests.swift */ = {isa = PBXFileReference; lastKnownFileType = sourcecode.swift; path = MoyitaUITests.swift; sourceTree = "<group>"; };
		D6F2B6112264EC3500E15C08 /* Info.plist */ = {isa = PBXFileReference; lastKnownFileType = text.plist.xml; path = Info.plist; sourceTree = "<group>"; };
/* End PBXFileReference section */

/* Begin PBXFrameworksBuildPhase section */
		D6F2B5E92264EC3500E15C08 /* Frameworks */ = {
			isa = PBXFrameworksBuildPhase;
			buildActionMask = 2147483647;
			files = (
			);
			runOnlyForDeploymentPostprocessing = 0;
		};
		D6F2B5FD2264EC3500E15C08 /* Frameworks */ = {
			isa = PBXFrameworksBuildPhase;
			buildActionMask = 2147483647;
			files = (
			);
			runOnlyForDeploymentPostprocessing = 0;
		};
		D6F2B6082264EC3500E15C08 /* Frameworks */ = {
			isa = PBXFrameworksBuildPhase;
			buildActionMask = 2147483647;
			files = (
			);
			runOnlyForDeploymentPostprocessing = 0;
		};
/* End PBXFrameworksBuildPhase section */

/* Begin PBXGroup section */
		D6F2B5E32264EC3500E15C08 = {
			isa = PBXGroup;
			children = (
				D6F2B5EE2264EC3500E15C08 /* Moyita */,
				D6F2B6032264EC3500E15C08 /* MoyitaTests */,
				D6F2B60E2264EC3500E15C08 /* MoyitaUITests */,
				D6F2B5ED2264EC3500E15C08 /* Products */,
			);
			sourceTree = "<group>";
		};
		D6F2B5ED2264EC3500E15C08 /* Products */ = {
			isa = PBXGroup;
			children = (
				D6F2B5EC2264EC3500E15C08 /* Moyita.app */,
				D6F2B6002264EC3500E15C08 /* MoyitaTests.xctest */,
				D6F2B60B2264EC3500E15C08 /* MoyitaUITests.xctest */,
			);
			name = Products;
			sourceTree = "<group>";
		};
		D6F2B5EE2264EC3500E15C08 /* Moyita */ = {
			isa = PBXGroup;
			children = (
				D6F2B5EF2264EC3500E15C08 /* AppDelegate.swift */,
				D6F2B5F12264EC3500E15C08 /* ViewController.swift */,
				D6F2B5F32264EC3500E15C08 /* Main.storyboard */,
				D6A09F60226638C60008D0D9 /* DearlyBeloved.mp3 */,
				D6F2B5F62264EC3500E15C08 /* Assets.xcassets */,
				D6F2B5F82264EC3500E15C08 /* LaunchScreen.storyboard */,
				D6F2B5FB2264EC3500E15C08 /* Info.plist */,
			);
			path = Moyita;
			sourceTree = "<group>";
		};
		D6F2B6032264EC3500E15C08 /* MoyitaTests */ = {
			isa = PBXGroup;
			children = (
				D6F2B6042264EC3500E15C08 /* MoyitaTests.swift */,
				D6F2B6062264EC3500E15C08 /* Info.plist */,
			);
			path = MoyitaTests;
			sourceTree = "<group>";
		};
		D6F2B60E2264EC3500E15C08 /* MoyitaUITests */ = {
			isa = PBXGroup;
			children = (
				D6F2B60F2264EC3500E15C08 /* MoyitaUITests.swift */,
				D6F2B6112264EC3500E15C08 /* Info.plist */,
			);
			path = MoyitaUITests;
			sourceTree = "<group>";
		};
/* End PBXGroup section */

/* Begin PBXNativeTarget section */
		D6F2B5EB2264EC3500E15C08 /* Moyita */ = {
			isa = PBXNativeTarget;
			buildConfigurationList = D6F2B6142264EC3500E15C08 /* Build configuration list for PBXNativeTarget "Moyita" */;
			buildPhases = (
				D6F2B5E82264EC3500E15C08 /* Sources */,
				D6F2B5E92264EC3500E15C08 /* Frameworks */,
				D6F2B5EA2264EC3500E15C08 /* Resources */,
			);
			buildRules = (
			);
			dependencies = (
			);
			name = Moyita;
			productName = Moyita;
			productReference = D6F2B5EC2264EC3500E15C08 /* Moyita.app */;
			productType = "com.apple.product-type.application";
		};
		D6F2B5FF2264EC3500E15C08 /* MoyitaTests */ = {
			isa = PBXNativeTarget;
			buildConfigurationList = D6F2B6172264EC3500E15C08 /* Build configuration list for PBXNativeTarget "MoyitaTests" */;
			buildPhases = (
				D6F2B5FC2264EC3500E15C08 /* Sources */,
				D6F2B5FD2264EC3500E15C08 /* Frameworks */,
				D6F2B5FE2264EC3500E15C08 /* Resources */,
			);
			buildRules = (
			);
			dependencies = (
				D6F2B6022264EC3500E15C08 /* PBXTargetDependency */,
			);
			name = MoyitaTests;
			productName = MoyitaTests;
			productReference = D6F2B6002264EC3500E15C08 /* MoyitaTests.xctest */;
			productType = "com.apple.product-type.bundle.unit-test";
		};
		D6F2B60A2264EC3500E15C08 /* MoyitaUITests */ = {
			isa = PBXNativeTarget;
			buildConfigurationList = D6F2B61A2264EC3500E15C08 /* Build configuration list for PBXNativeTarget "MoyitaUITests" */;
			buildPhases = (
				D6F2B6072264EC3500E15C08 /* Sources */,
				D6F2B6082264EC3500E15C08 /* Frameworks */,
				D6F2B6092264EC3500E15C08 /* Resources */,
			);
			buildRules = (
			);
			dependencies = (
				D6F2B60D2264EC3500E15C08 /* PBXTargetDependency */,
			);
			name = MoyitaUITests;
			productName = MoyitaUITests;
			productReference = D6F2B60B2264EC3500E15C08 /* MoyitaUITests.xctest */;
			productType = "com.apple.product-type.bundle.ui-testing";
		};
/* End PBXNativeTarget section */

/* Begin PBXProject section */
		D6F2B5E42264EC3500E15C08 /* Project object */ = {
			isa = PBXProject;
			attributes = {
				LastSwiftUpdateCheck = 0920;
				LastUpgradeCheck = 0920;
				ORGANIZATIONNAME = "Project Exploration";
				TargetAttributes = {
					D6F2B5EB2264EC3500E15C08 = {
						CreatedOnToolsVersion = 9.2;
						ProvisioningStyle = Automatic;
					};
					D6F2B5FF2264EC3500E15C08 = {
						CreatedOnToolsVersion = 9.2;
						ProvisioningStyle = Automatic;
						TestTargetID = D6F2B5EB2264EC3500E15C08;
					};
					D6F2B60A2264EC3500E15C08 = {
						CreatedOnToolsVersion = 9.2;
						ProvisioningStyle = Automatic;
						TestTargetID = D6F2B5EB2264EC3500E15C08;
					};
				};
			};
			buildConfigurationList = D6F2B5E72264EC3500E15C08 /* Build configuration list for PBXProject "Moyita" */;
			compatibilityVersion = "Xcode 8.0";
			developmentRegion = en;
			hasScannedForEncodings = 0;
			knownRegions = (
				en,
				Base,
			);
			mainGroup = D6F2B5E32264EC3500E15C08;
			productRefGroup = D6F2B5ED2264EC3500E15C08 /* Products */;
			projectDirPath = "";
			projectRoot = "";
			targets = (
				D6F2B5EB2264EC3500E15C08 /* Moyita */,
				D6F2B5FF2264EC3500E15C08 /* MoyitaTests */,
				D6F2B60A2264EC3500E15C08 /* MoyitaUITests */,
			);
		};
/* End PBXProject section */

/* Begin PBXResourcesBuildPhase section */
		D6F2B5EA2264EC3500E15C08 /* Resources */ = {
			isa = PBXResourcesBuildPhase;
			buildActionMask = 2147483647;
			files = (
				D6F2B5FA2264EC3500E15C08 /* LaunchScreen.storyboard in Resources */,
				D6F2B5F72264EC3500E15C08 /* Assets.xcassets in Resources */,
				D6A09F61226638C60008D0D9 /* DearlyBeloved.mp3 in Resources */,
				D6F2B5F52264EC3500E15C08 /* Main.storyboard in Resources */,
			);
			runOnlyForDeploymentPostprocessing = 0;
		};
		D6F2B5FE2264EC3500E15C08 /* Resources */ = {
			isa = PBXResourcesBuildPhase;
			buildActionMask = 2147483647;
			files = (
			);
			runOnlyForDeploymentPostprocessing = 0;
		};
		D6F2B6092264EC3500E15C08 /* Resources */ = {
			isa = PBXResourcesBuildPhase;
			buildActionMask = 2147483647;
			files = (
			);
			runOnlyForDeploymentPostprocessing = 0;
		};
/* End PBXResourcesBuildPhase section */

/* Begin PBXSourcesBuildPhase section */
		D6F2B5E82264EC3500E15C08 /* Sources */ = {
			isa = PBXSourcesBuildPhase;
			buildActionMask = 2147483647;
			files = (
				D6F2B5F22264EC3500E15C08 /* ViewController.swift in Sources */,
				D6F2B5F02264EC3500E15C08 /* AppDelegate.swift in Sources */,
			);
			runOnlyForDeploymentPostprocessing = 0;
		};
		D6F2B5FC2264EC3500E15C08 /* Sources */ = {
			isa = PBXSourcesBuildPhase;
			buildActionMask = 2147483647;
			files = (
				D6F2B6052264EC3500E15C08 /* MoyitaTests.swift in Sources */,
			);
			runOnlyForDeploymentPostprocessing = 0;
		};
		D6F2B6072264EC3500E15C08 /* Sources */ = {
			isa = PBXSourcesBuildPhase;
			buildActionMask = 2147483647;
			files = (
				D6F2B6102264EC3500E15C08 /* MoyitaUITests.swift in Sources */,
			);
			runOnlyForDeploymentPostprocessing = 0;
		};
/* End PBXSourcesBuildPhase section */

/* Begin PBXTargetDependency section */
		D6F2B6022264EC3500E15C08 /* PBXTargetDependency */ = {
			isa = PBXTargetDependency;
			target = D6F2B5EB2264EC3500E15C08 /* Moyita */;
			targetProxy = D6F2B6012264EC3500E15C08 /* PBXContainerItemProxy */;
		};
		D6F2B60D2264EC3500E15C08 /* PBXTargetDependency */ = {
			isa = PBXTargetDependency;
			target = D6F2B5EB2264EC3500E15C08 /* Moyita */;
			targetProxy = D6F2B60C2264EC3500E15C08 /* PBXContainerItemProxy */;
		};
/* End PBXTargetDependency section */

/* Begin PBXVariantGroup section */
		D6F2B5F32264EC3500E15C08 /* Main.storyboard */ = {
			isa = PBXVariantGroup;
			children = (
				D6F2B5F42264EC3500E15C08 /* Base */,
			);
			name = Main.storyboard;
			sourceTree = "<group>";
		};
		D6F2B5F82264EC3500E15C08 /* LaunchScreen.storyboard */ = {
			isa = PBXVariantGroup;
			children = (
				D6F2B5F92264EC3500E15C08 /* Base */,
			);
			name = LaunchScreen.storyboard;
			sourceTree = "<group>";
		};
/* End PBXVariantGroup section */

/* Begin XCBuildConfiguration section */
		D6F2B6122264EC3500E15C08 /* Debug */ = {
			isa = XCBuildConfiguration;
			buildSettings = {
				ALWAYS_SEARCH_USER_PATHS = NO;
				CLANG_ANALYZER_NONNULL = YES;
				CLANG_ANALYZER_NUMBER_OBJECT_CONVERSION = YES_AGGRESSIVE;
				CLANG_CXX_LANGUAGE_STANDARD = "gnu++14";
				CLANG_CXX_LIBRARY = "libc++";
				CLANG_ENABLE_MODULES = YES;
				CLANG_ENABLE_OBJC_ARC = YES;
				CLANG_WARN_BLOCK_CAPTURE_AUTORELEASING = YES;
				CLANG_WARN_BOOL_CONVERSION = YES;
				CLANG_WARN_COMMA = YES;
				CLANG_WARN_CONSTANT_CONVERSION = YES;
				CLANG_WARN_DIRECT_OBJC_ISA_USAGE = YES_ERROR;
				CLANG_WARN_DOCUMENTATION_COMMENTS = YES;
				CLANG_WARN_EMPTY_BODY = YES;
				CLANG_WARN_ENUM_CONVERSION = YES;
				CLANG_WARN_INFINITE_RECURSION = YES;
				CLANG_WARN_INT_CONVERSION = YES;
				CLANG_WARN_NON_LITERAL_NULL_CONVERSION = YES;
				CLANG_WARN_OBJC_LITERAL_CONVERSION = YES;
				CLANG_WARN_OBJC_ROOT_CLASS = YES_ERROR;
				CLANG_WARN_RANGE_LOOP_ANALYSIS = YES;
				CLANG_WARN_STRICT_PROTOTYPES = YES;
				CLANG_WARN_SUSPICIOUS_MOVE = YES;
				CLANG_WARN_UNGUARDED_AVAILABILITY = YES_AGGRESSIVE;
				CLANG_WARN_UNREACHABLE_CODE = YES;
				CLANG_WARN__DUPLICATE_METHOD_MATCH = YES;
				CODE_SIGN_IDENTITY = "iPhone Developer";
				COPY_PHASE_STRIP = NO;
				DEBUG_INFORMATION_FORMAT = dwarf;
				ENABLE_STRICT_OBJC_MSGSEND = YES;
				ENABLE_TESTABILITY = YES;
				GCC_C_LANGUAGE_STANDARD = gnu11;
				GCC_DYNAMIC_NO_PIC = NO;
				GCC_NO_COMMON_BLOCKS = YES;
				GCC_OPTIMIZATION_LEVEL = 0;
				GCC_PREPROCESSOR_DEFINITIONS = (
					"DEBUG=1",
					"$(inherited)",
				);
				GCC_WARN_64_TO_32_BIT_CONVERSION = YES;
				GCC_WARN_ABOUT_RETURN_TYPE = YES_ERROR;
				GCC_WARN_UNDECLARED_SELECTOR = YES;
				GCC_WARN_UNINITIALIZED_AUTOS = YES_AGGRESSIVE;
				GCC_WARN_UNUSED_FUNCTION = YES;
				GCC_WARN_UNUSED_VARIABLE = YES;
				IPHONEOS_DEPLOYMENT_TARGET = 11.2;
				MTL_ENABLE_DEBUG_INFO = YES;
				ONLY_ACTIVE_ARCH = YES;
				SDKROOT = iphoneos;
				SWIFT_ACTIVE_COMPILATION_CONDITIONS = DEBUG;
				SWIFT_OPTIMIZATION_LEVEL = "-Onone";
			};
			name = Debug;
		};
		D6F2B6132264EC3500E15C08 /* Release */ = {
			isa = XCBuildConfiguration;
			buildSettings = {
				ALWAYS_SEARCH_USER_PATHS = NO;
				CLANG_ANALYZER_NONNULL = YES;
				CLANG_ANALYZER_NUMBER_OBJECT_CONVERSION = YES_AGGRESSIVE;
				CLANG_CXX_LANGUAGE_STANDARD = "gnu++14";
				CLANG_CXX_LIBRARY = "libc++";
				CLANG_ENABLE_MODULES = YES;
				CLANG_ENABLE_OBJC_ARC = YES;
				CLANG_WARN_BLOCK_CAPTURE_AUTORELEASING = YES;
				CLANG_WARN_BOOL_CONVERSION = YES;
				CLANG_WARN_COMMA = YES;
				CLANG_WARN_CONSTANT_CONVERSION = YES;
				CLANG_WARN_DIRECT_OBJC_ISA_USAGE = YES_ERROR;
				CLANG_WARN_DOCUMENTATION_COMMENTS = YES;
				CLANG_WARN_EMPTY_BODY = YES;
				CLANG_WARN_ENUM_CONVERSION = YES;
				CLANG_WARN_INFINITE_RECURSION = YES;
				CLANG_WARN_INT_CONVERSION = YES;
				CLANG_WARN_NON_LITERAL_NULL_CONVERSION = YES;
				CLANG_WARN_OBJC_LITERAL_CONVERSION = YES;
				CLANG_WARN_OBJC_ROOT_CLASS = YES_ERROR;
				CLANG_WARN_RANGE_LOOP_ANALYSIS = YES;
				CLANG_WARN_STRICT_PROTOTYPES = YES;
				CLANG_WARN_SUSPICIOUS_MOVE = YES;
				CLANG_WARN_UNGUARDED_AVAILABILITY = YES_AGGRESSIVE;
				CLANG_WARN_UNREACHABLE_CODE = YES;
				CLANG_WARN__DUPLICATE_METHOD_MATCH = YES;
				CODE_SIGN_IDENTITY = "iPhone Developer";
				COPY_PHASE_STRIP = NO;
				DEBUG_INFORMATION_FORMAT = "dwarf-with-dsym";
				ENABLE_NS_ASSERTIONS = NO;
				ENABLE_STRICT_OBJC_MSGSEND = YES;
				GCC_C_LANGUAGE_STANDARD = gnu11;
				GCC_NO_COMMON_BLOCKS = YES;
				GCC_WARN_64_TO_32_BIT_CONVERSION = YES;
				GCC_WARN_ABOUT_RETURN_TYPE = YES_ERROR;
				GCC_WARN_UNDECLARED_SELECTOR = YES;
				GCC_WARN_UNINITIALIZED_AUTOS = YES_AGGRESSIVE;
				GCC_WARN_UNUSED_FUNCTION = YES;
				GCC_WARN_UNUSED_VARIABLE = YES;
				IPHONEOS_DEPLOYMENT_TARGET = 11.2;
				MTL_ENABLE_DEBUG_INFO = NO;
				SDKROOT = iphoneos;
				SWIFT_OPTIMIZATION_LEVEL = "-Owholemodule";
				VALIDATE_PRODUCT = YES;
			};
			name = Release;
		};
		D6F2B6152264EC3500E15C08 /* Debug */ = {
			isa = XCBuildConfiguration;
			buildSettings = {
				ASSETCATALOG_COMPILER_APPICON_NAME = AppIcon;
				CODE_SIGN_STYLE = Automatic;
				DEVELOPMENT_TEAM = APAX5Y4256;
				INFOPLIST_FILE = Moyita/Info.plist;
				LD_RUNPATH_SEARCH_PATHS = "$(inherited) @executable_path/Frameworks";
				PRODUCT_BUNDLE_IDENTIFIER = PE.Moyita;
				PRODUCT_NAME = "$(TARGET_NAME)";
				SWIFT_VERSION = 4.0;
				TARGETED_DEVICE_FAMILY = "1,2";
			};
			name = Debug;
		};
		D6F2B6162264EC3500E15C08 /* Release */ = {
			isa = XCBuildConfiguration;
			buildSettings = {
				ASSETCATALOG_COMPILER_APPICON_NAME = AppIcon;
				CODE_SIGN_STYLE = Automatic;
				DEVELOPMENT_TEAM = APAX5Y4256;
				INFOPLIST_FILE = Moyita/Info.plist;
				LD_RUNPATH_SEARCH_PATHS = "$(inherited) @executable_path/Frameworks";
				PRODUCT_BUNDLE_IDENTIFIER = PE.Moyita;
				PRODUCT_NAME = "$(TARGET_NAME)";
				SWIFT_VERSION = 4.0;
				TARGETED_DEVICE_FAMILY = "1,2";
			};
			name = Release;
		};
		D6F2B6182264EC3500E15C08 /* Debug */ = {
			isa = XCBuildConfiguration;
			buildSettings = {
				ALWAYS_EMBED_SWIFT_STANDARD_LIBRARIES = YES;
				BUNDLE_LOADER = "$(TEST_HOST)";
				CODE_SIGN_STYLE = Automatic;
				INFOPLIST_FILE = MoyitaTests/Info.plist;
				LD_RUNPATH_SEARCH_PATHS = "$(inherited) @executable_path/Frameworks @loader_path/Frameworks";
				PRODUCT_BUNDLE_IDENTIFIER = PE.MoyitaTests;
				PRODUCT_NAME = "$(TARGET_NAME)";
				SWIFT_VERSION = 4.0;
				TARGETED_DEVICE_FAMILY = "1,2";
				TEST_HOST = "$(BUILT_PRODUCTS_DIR)/Moyita.app/Moyita";
			};
			name = Debug;
		};
		D6F2B6192264EC3500E15C08 /* Release */ = {
			isa = XCBuildConfiguration;
			buildSettings = {
				ALWAYS_EMBED_SWIFT_STANDARD_LIBRARIES = YES;
				BUNDLE_LOADER = "$(TEST_HOST)";
				CODE_SIGN_STYLE = Automatic;
				INFOPLIST_FILE = MoyitaTests/Info.plist;
				LD_RUNPATH_SEARCH_PATHS = "$(inherited) @executable_path/Frameworks @loader_path/Frameworks";
				PRODUCT_BUNDLE_IDENTIFIER = PE.MoyitaTests;
				PRODUCT_NAME = "$(TARGET_NAME)";
				SWIFT_VERSION = 4.0;
				TARGETED_DEVICE_FAMILY = "1,2";
				TEST_HOST = "$(BUILT_PRODUCTS_DIR)/Moyita.app/Moyita";
			};
			name = Release;
		};
		D6F2B61B2264EC3500E15C08 /* Debug */ = {
			isa = XCBuildConfiguration;
			buildSettings = {
				ALWAYS_EMBED_SWIFT_STANDARD_LIBRARIES = YES;
				CODE_SIGN_STYLE = Automatic;
				INFOPLIST_FILE = MoyitaUITests/Info.plist;
				LD_RUNPATH_SEARCH_PATHS = "$(inherited) @executable_path/Frameworks @loader_path/Frameworks";
				PRODUCT_BUNDLE_IDENTIFIER = PE.MoyitaUITests;
				PRODUCT_NAME = "$(TARGET_NAME)";
				SWIFT_VERSION = 4.0;
				TARGETED_DEVICE_FAMILY = "1,2";
				TEST_TARGET_NAME = Moyita;
			};
			name = Debug;
		};
		D6F2B61C2264EC3500E15C08 /* Release */ = {
			isa = XCBuildConfiguration;
			buildSettings = {
				ALWAYS_EMBED_SWIFT_STANDARD_LIBRARIES = YES;
				CODE_SIGN_STYLE = Automatic;
				INFOPLIST_FILE = MoyitaUITests/Info.plist;
				LD_RUNPATH_SEARCH_PATHS = "$(inherited) @executable_path/Frameworks @loader_path/Frameworks";
				PRODUCT_BUNDLE_IDENTIFIER = PE.MoyitaUITests;
				PRODUCT_NAME = "$(TARGET_NAME)";
				SWIFT_VERSION = 4.0;
				TARGETED_DEVICE_FAMILY = "1,2";
				TEST_TARGET_NAME = Moyita;
			};
			name = Release;
		};
/* End XCBuildConfiguration section */

/* Begin XCConfigurationList section */
		D6F2B5E72264EC3500E15C08 /* Build configuration list for PBXProject "Moyita" */ = {
			isa = XCConfigurationList;
			buildConfigurations = (
				D6F2B6122264EC3500E15C08 /* Debug */,
				D6F2B6132264EC3500E15C08 /* Release */,
			);
			defaultConfigurationIsVisible = 0;
			defaultConfigurationName = Release;
		};
		D6F2B6142264EC3500E15C08 /* Build configuration list for PBXNativeTarget "Moyita" */ = {
			isa = XCConfigurationList;
			buildConfigurations = (
				D6F2B6152264EC3500E15C08 /* Debug */,
				D6F2B6162264EC3500E15C08 /* Release */,
			);
			defaultConfigurationIsVisible = 0;
			defaultConfigurationName = Release;
		};
		D6F2B6172264EC3500E15C08 /* Build configuration list for PBXNativeTarget "MoyitaTests" */ = {
			isa = XCConfigurationList;
			buildConfigurations = (
				D6F2B6182264EC3500E15C08 /* Debug */,
				D6F2B6192264EC3500E15C08 /* Release */,
			);
			defaultConfigurationIsVisible = 0;
			defaultConfigurationName = Release;
		};
		D6F2B61A2264EC3500E15C08 /* Build configuration list for PBXNativeTarget "MoyitaUITests" */ = {
			isa = XCConfigurationList;
			buildConfigurations = (
				D6F2B61B2264EC3500E15C08 /* Debug */,
				D6F2B61C2264EC3500E15C08 /* Release */,
			);
			defaultConfigurationIsVisible = 0;
			defaultConfigurationName = Release;
		};
/* End XCConfigurationList section */
	};
	rootObject = D6F2B5E42264EC3500E15C08 /* Project object */;
}
